// !$*UTF8*$!
{
	archiveVersion = 1;
	classes = {
	};
	objectVersion = 50;
	objects = {

/* Begin PBXBuildFile section */
		2423D758228EE82400F7CB65 /* AppDelegate.swift in Sources */ = {isa = PBXBuildFile; fileRef = 2423D757228EE82400F7CB65 /* AppDelegate.swift */; };
		2423D75D228EE82400F7CB65 /* Main.storyboard in Resources */ = {isa = PBXBuildFile; fileRef = 2423D75B228EE82400F7CB65 /* Main.storyboard */; };
		2423D75F228EE82600F7CB65 /* Assets.xcassets in Resources */ = {isa = PBXBuildFile; fileRef = 2423D75E228EE82600F7CB65 /* Assets.xcassets */; };
		2423D762228EE82600F7CB65 /* LaunchScreen.storyboard in Resources */ = {isa = PBXBuildFile; fileRef = 2423D760228EE82600F7CB65 /* LaunchScreen.storyboard */; };
		2423D777228EEDB100F7CB65 /* ManagerViewController.swift in Sources */ = {isa = PBXBuildFile; fileRef = 2423D776228EEDB100F7CB65 /* ManagerViewController.swift */; };
		2423D77D228EEDF900F7CB65 /* LoginViewController.swift in Sources */ = {isa = PBXBuildFile; fileRef = 2423D77C228EEDF900F7CB65 /* LoginViewController.swift */; };
		2423D77F228EEE9400F7CB65 /* TabBarViewController.swift in Sources */ = {isa = PBXBuildFile; fileRef = 2423D77E228EEE9400F7CB65 /* TabBarViewController.swift */; };
		2423D781228EEF7200F7CB65 /* FormatterExtension.swift in Sources */ = {isa = PBXBuildFile; fileRef = 2423D780228EEF7200F7CB65 /* FormatterExtension.swift */; };
		2423D783228EEFED00F7CB65 /* StringExtension.swift in Sources */ = {isa = PBXBuildFile; fileRef = 2423D782228EEFED00F7CB65 /* StringExtension.swift */; };
		2423D785228EF08A00F7CB65 /* UIColorExtension.swift in Sources */ = {isa = PBXBuildFile; fileRef = 2423D784228EF08A00F7CB65 /* UIColorExtension.swift */; };
		2423D787228EF3B100F7CB65 /* UIImageExtension.swift in Sources */ = {isa = PBXBuildFile; fileRef = 2423D786228EF3B100F7CB65 /* UIImageExtension.swift */; };
		2423D789228EF3E100F7CB65 /* UITextFieldExtension.swift in Sources */ = {isa = PBXBuildFile; fileRef = 2423D788228EF3E100F7CB65 /* UITextFieldExtension.swift */; };
		2423D78B228EF4C200F7CB65 /* UITextViewExtension.swift in Sources */ = {isa = PBXBuildFile; fileRef = 2423D78A228EF4C200F7CB65 /* UITextViewExtension.swift */; };
		2423D78D228EF4F300F7CB65 /* UIViewControllerExtension.swift in Sources */ = {isa = PBXBuildFile; fileRef = 2423D78C228EF4F300F7CB65 /* UIViewControllerExtension.swift */; };
		2423D78F228EF57A00F7CB65 /* UIViewExtension.swift in Sources */ = {isa = PBXBuildFile; fileRef = 2423D78E228EF57A00F7CB65 /* UIViewExtension.swift */; };
		2423D791228EF5AC00F7CB65 /* Alertify.swift in Sources */ = {isa = PBXBuildFile; fileRef = 2423D790228EF5AB00F7CB65 /* Alertify.swift */; };
		2423D793228EF5E900F7CB65 /* Notify.swift in Sources */ = {isa = PBXBuildFile; fileRef = 2423D792228EF5E900F7CB65 /* Notify.swift */; };
		2423D795228EF64200F7CB65 /* Localify.swift in Sources */ = {isa = PBXBuildFile; fileRef = 2423D794228EF64200F7CB65 /* Localify.swift */; };
		2423D797228EF69900F7CB65 /* Storify.swift in Sources */ = {isa = PBXBuildFile; fileRef = 2423D796228EF69900F7CB65 /* Storify.swift */; };
		2423D799228EF75700F7CB65 /* CameraPickerHandler.swift in Sources */ = {isa = PBXBuildFile; fileRef = 2423D798228EF75700F7CB65 /* CameraPickerHandler.swift */; };
		2423D79A228EF83C00F7CB65 /* Auth.storyboard in Resources */ = {isa = PBXBuildFile; fileRef = 2423D79C228EF83C00F7CB65 /* Auth.storyboard */; };
		2423D7A3228EFAF700F7CB65 /* Bag.storyboard in Resources */ = {isa = PBXBuildFile; fileRef = 2423D7A5228EFAF700F7CB65 /* Bag.storyboard */; };
		2423D7A6228EFAFE00F7CB65 /* Shop.storyboard in Resources */ = {isa = PBXBuildFile; fileRef = 2423D7A8228EFAFE00F7CB65 /* Shop.storyboard */; };
		2423D7AB228EFBCF00F7CB65 /* Localizable.strings in Resources */ = {isa = PBXBuildFile; fileRef = 2423D7AD228EFBCF00F7CB65 /* Localizable.strings */; };
		244B07CE228F0472008AF299 /* Apify.swift in Sources */ = {isa = PBXBuildFile; fileRef = 244B07CD228F0472008AF299 /* Apify.swift */; };
		244B07D0228F059D008AF299 /* User.swift in Sources */ = {isa = PBXBuildFile; fileRef = 244B07CF228F059D008AF299 /* User.swift */; };
		244B07D2228F061C008AF299 /* Gender.swift in Sources */ = {isa = PBXBuildFile; fileRef = 244B07D1228F061C008AF299 /* Gender.swift */; };
		24A93744228FB4E000505C07 /* SignupViewController.swift in Sources */ = {isa = PBXBuildFile; fileRef = 24A93743228FB4E000505C07 /* SignupViewController.swift */; };
		24A93746228FBACB00505C07 /* Discover.storyboard in Resources */ = {isa = PBXBuildFile; fileRef = 24A93745228FBACB00505C07 /* Discover.storyboard */; };
		24A93748228FBB2700505C07 /* Brands.storyboard in Resources */ = {isa = PBXBuildFile; fileRef = 24A93747228FBB2700505C07 /* Brands.storyboard */; };
		24A9374A228FBB4800505C07 /* Wishlist.storyboard in Resources */ = {isa = PBXBuildFile; fileRef = 24A93749228FBB4800505C07 /* Wishlist.storyboard */; };
		24A9374E228FC37000505C07 /* DiscoverViewController.swift in Sources */ = {isa = PBXBuildFile; fileRef = 24A9374D228FC37000505C07 /* DiscoverViewController.swift */; };
		24A93750228FC4E100505C07 /* BagViewController.swift in Sources */ = {isa = PBXBuildFile; fileRef = 24A9374F228FC4E100505C07 /* BagViewController.swift */; };
		24A93752228FC4FA00505C07 /* BrandsViewController.swift in Sources */ = {isa = PBXBuildFile; fileRef = 24A93751228FC4FA00505C07 /* BrandsViewController.swift */; };
		24A93754228FC50F00505C07 /* ShopViewController.swift in Sources */ = {isa = PBXBuildFile; fileRef = 24A93753228FC50F00505C07 /* ShopViewController.swift */; };
		24A93756228FC52100505C07 /* WishlistViewController.swift in Sources */ = {isa = PBXBuildFile; fileRef = 24A93755228FC52100505C07 /* WishlistViewController.swift */; };
		3A83BF1A8E07EFB2F4F0B815 /* Pods_MVVMShopApp.framework in Frameworks */ = {isa = PBXBuildFile; fileRef = 5A902AE1EDEF70C94DAB22B1 /* Pods_MVVMShopApp.framework */; };
/* End PBXBuildFile section */

/* Begin PBXFileReference section */
		01AF7AC9E711FDB61F30836C /* Pods-MVVMShopApp.debug.xcconfig */ = {isa = PBXFileReference; includeInIndex = 1; lastKnownFileType = text.xcconfig; name = "Pods-MVVMShopApp.debug.xcconfig"; path = "Target Support Files/Pods-MVVMShopApp/Pods-MVVMShopApp.debug.xcconfig"; sourceTree = "<group>"; };
		2423D754228EE82400F7CB65 /* MVVMShopApp.app */ = {isa = PBXFileReference; explicitFileType = wrapper.application; includeInIndex = 0; path = MVVMShopApp.app; sourceTree = BUILT_PRODUCTS_DIR; };
		2423D757228EE82400F7CB65 /* AppDelegate.swift */ = {isa = PBXFileReference; lastKnownFileType = sourcecode.swift; path = AppDelegate.swift; sourceTree = "<group>"; };
		2423D75C228EE82400F7CB65 /* Base */ = {isa = PBXFileReference; lastKnownFileType = file.storyboard; name = Base; path = Base.lproj/Main.storyboard; sourceTree = "<group>"; };
		2423D75E228EE82600F7CB65 /* Assets.xcassets */ = {isa = PBXFileReference; lastKnownFileType = folder.assetcatalog; path = Assets.xcassets; sourceTree = "<group>"; };
		2423D761228EE82600F7CB65 /* Base */ = {isa = PBXFileReference; lastKnownFileType = file.storyboard; name = Base; path = Base.lproj/LaunchScreen.storyboard; sourceTree = "<group>"; };
		2423D763228EE82600F7CB65 /* Info.plist */ = {isa = PBXFileReference; lastKnownFileType = text.plist.xml; path = Info.plist; sourceTree = "<group>"; };
		2423D776228EEDB100F7CB65 /* ManagerViewController.swift */ = {isa = PBXFileReference; lastKnownFileType = sourcecode.swift; path = ManagerViewController.swift; sourceTree = "<group>"; };
		2423D77C228EEDF900F7CB65 /* LoginViewController.swift */ = {isa = PBXFileReference; lastKnownFileType = sourcecode.swift; path = LoginViewController.swift; sourceTree = "<group>"; };
		2423D77E228EEE9400F7CB65 /* TabBarViewController.swift */ = {isa = PBXFileReference; lastKnownFileType = sourcecode.swift; path = TabBarViewController.swift; sourceTree = "<group>"; };
		2423D780228EEF7200F7CB65 /* FormatterExtension.swift */ = {isa = PBXFileReference; lastKnownFileType = sourcecode.swift; path = FormatterExtension.swift; sourceTree = "<group>"; };
		2423D782228EEFED00F7CB65 /* StringExtension.swift */ = {isa = PBXFileReference; lastKnownFileType = sourcecode.swift; path = StringExtension.swift; sourceTree = "<group>"; };
		2423D784228EF08A00F7CB65 /* UIColorExtension.swift */ = {isa = PBXFileReference; lastKnownFileType = sourcecode.swift; path = UIColorExtension.swift; sourceTree = "<group>"; };
		2423D786228EF3B100F7CB65 /* UIImageExtension.swift */ = {isa = PBXFileReference; lastKnownFileType = sourcecode.swift; path = UIImageExtension.swift; sourceTree = "<group>"; };
		2423D788228EF3E100F7CB65 /* UITextFieldExtension.swift */ = {isa = PBXFileReference; lastKnownFileType = sourcecode.swift; path = UITextFieldExtension.swift; sourceTree = "<group>"; };
		2423D78A228EF4C200F7CB65 /* UITextViewExtension.swift */ = {isa = PBXFileReference; lastKnownFileType = sourcecode.swift; path = UITextViewExtension.swift; sourceTree = "<group>"; };
		2423D78C228EF4F300F7CB65 /* UIViewControllerExtension.swift */ = {isa = PBXFileReference; lastKnownFileType = sourcecode.swift; path = UIViewControllerExtension.swift; sourceTree = "<group>"; };
		2423D78E228EF57A00F7CB65 /* UIViewExtension.swift */ = {isa = PBXFileReference; lastKnownFileType = sourcecode.swift; path = UIViewExtension.swift; sourceTree = "<group>"; };
		2423D790228EF5AB00F7CB65 /* Alertify.swift */ = {isa = PBXFileReference; lastKnownFileType = sourcecode.swift; path = Alertify.swift; sourceTree = "<group>"; };
		2423D792228EF5E900F7CB65 /* Notify.swift */ = {isa = PBXFileReference; lastKnownFileType = sourcecode.swift; path = Notify.swift; sourceTree = "<group>"; };
		2423D794228EF64200F7CB65 /* Localify.swift */ = {isa = PBXFileReference; lastKnownFileType = sourcecode.swift; path = Localify.swift; sourceTree = "<group>"; };
		2423D796228EF69900F7CB65 /* Storify.swift */ = {isa = PBXFileReference; lastKnownFileType = sourcecode.swift; path = Storify.swift; sourceTree = "<group>"; };
		2423D798228EF75700F7CB65 /* CameraPickerHandler.swift */ = {isa = PBXFileReference; lastKnownFileType = sourcecode.swift; path = CameraPickerHandler.swift; sourceTree = "<group>"; };
		2423D79B228EF83C00F7CB65 /* Base */ = {isa = PBXFileReference; lastKnownFileType = file.storyboard; name = Base; path = Base.lproj/Auth.storyboard; sourceTree = "<group>"; };
		2423D7A4228EFAF700F7CB65 /* Base */ = {isa = PBXFileReference; lastKnownFileType = file.storyboard; name = Base; path = Base.lproj/Bag.storyboard; sourceTree = "<group>"; };
		2423D7A7228EFAFE00F7CB65 /* Base */ = {isa = PBXFileReference; lastKnownFileType = file.storyboard; name = Base; path = Base.lproj/Shop.storyboard; sourceTree = "<group>"; };
		2423D7AC228EFBCF00F7CB65 /* en */ = {isa = PBXFileReference; lastKnownFileType = text.plist.strings; name = en; path = en.lproj/Localizable.strings; sourceTree = "<group>"; };
		244B07CD228F0472008AF299 /* Apify.swift */ = {isa = PBXFileReference; lastKnownFileType = sourcecode.swift; path = Apify.swift; sourceTree = "<group>"; };
		244B07CF228F059D008AF299 /* User.swift */ = {isa = PBXFileReference; lastKnownFileType = sourcecode.swift; path = User.swift; sourceTree = "<group>"; };
		244B07D1228F061C008AF299 /* Gender.swift */ = {isa = PBXFileReference; lastKnownFileType = sourcecode.swift; path = Gender.swift; sourceTree = "<group>"; };
		24A93743228FB4E000505C07 /* SignupViewController.swift */ = {isa = PBXFileReference; lastKnownFileType = sourcecode.swift; path = SignupViewController.swift; sourceTree = "<group>"; };
		24A93745228FBACB00505C07 /* Discover.storyboard */ = {isa = PBXFileReference; lastKnownFileType = file.storyboard; path = Discover.storyboard; sourceTree = "<group>"; };
		24A93747228FBB2700505C07 /* Brands.storyboard */ = {isa = PBXFileReference; lastKnownFileType = file.storyboard; path = Brands.storyboard; sourceTree = "<group>"; };
		24A93749228FBB4800505C07 /* Wishlist.storyboard */ = {isa = PBXFileReference; lastKnownFileType = file.storyboard; path = Wishlist.storyboard; sourceTree = "<group>"; };
		24A9374D228FC37000505C07 /* DiscoverViewController.swift */ = {isa = PBXFileReference; lastKnownFileType = sourcecode.swift; path = DiscoverViewController.swift; sourceTree = "<group>"; };
		24A9374F228FC4E100505C07 /* BagViewController.swift */ = {isa = PBXFileReference; lastKnownFileType = sourcecode.swift; path = BagViewController.swift; sourceTree = "<group>"; };
		24A93751228FC4FA00505C07 /* BrandsViewController.swift */ = {isa = PBXFileReference; lastKnownFileType = sourcecode.swift; path = BrandsViewController.swift; sourceTree = "<group>"; };
		24A93753228FC50F00505C07 /* ShopViewController.swift */ = {isa = PBXFileReference; lastKnownFileType = sourcecode.swift; path = ShopViewController.swift; sourceTree = "<group>"; };
		24A93755228FC52100505C07 /* WishlistViewController.swift */ = {isa = PBXFileReference; lastKnownFileType = sourcecode.swift; path = WishlistViewController.swift; sourceTree = "<group>"; };
		5A902AE1EDEF70C94DAB22B1 /* Pods_MVVMShopApp.framework */ = {isa = PBXFileReference; explicitFileType = wrapper.framework; includeInIndex = 0; path = Pods_MVVMShopApp.framework; sourceTree = BUILT_PRODUCTS_DIR; };
		B135C3E793C1A2F3E088E47A /* Pods-MVVMShopApp.release.xcconfig */ = {isa = PBXFileReference; includeInIndex = 1; lastKnownFileType = text.xcconfig; name = "Pods-MVVMShopApp.release.xcconfig"; path = "Target Support Files/Pods-MVVMShopApp/Pods-MVVMShopApp.release.xcconfig"; sourceTree = "<group>"; };
/* End PBXFileReference section */

/* Begin PBXFrameworksBuildPhase section */
		2423D751228EE82400F7CB65 /* Frameworks */ = {
			isa = PBXFrameworksBuildPhase;
			buildActionMask = 2147483647;
			files = (
				3A83BF1A8E07EFB2F4F0B815 /* Pods_MVVMShopApp.framework in Frameworks */,
			);
			runOnlyForDeploymentPostprocessing = 0;
		};
/* End PBXFrameworksBuildPhase section */

/* Begin PBXGroup section */
		2423D74B228EE82400F7CB65 = {
			isa = PBXGroup;
			children = (
				2423D756228EE82400F7CB65 /* MVVMShopApp */,
				2423D755228EE82400F7CB65 /* Products */,
				8C76E6D00B9E493DF41D0D69 /* Pods */,
				5A3D766EAC444A41C4B5C0E7 /* Frameworks */,
			);
			sourceTree = "<group>";
		};
		2423D755228EE82400F7CB65 /* Products */ = {
			isa = PBXGroup;
			children = (
				2423D754228EE82400F7CB65 /* MVVMShopApp.app */,
			);
			name = Products;
			sourceTree = "<group>";
		};
		2423D756228EE82400F7CB65 /* MVVMShopApp */ = {
			isa = PBXGroup;
			children = (
				2423D757228EE82400F7CB65 /* AppDelegate.swift */,
				2423D769228EE8C500F7CB65 /* Services */,
				2423D76A228EE8DD00F7CB65 /* Models */,
				2423D76C228EE8ED00F7CB65 /* View Models */,
				2423D76D228EE8F800F7CB65 /* Views */,
				2423D76B228EE8E400F7CB65 /* Supporting Files */,
			);
			path = MVVMShopApp;
			sourceTree = "<group>";
		};
		2423D769228EE8C500F7CB65 /* Services */ = {
			isa = PBXGroup;
			children = (
				2423D771228EEAA600F7CB65 /* Extensions */,
				2423D773228EEABA00F7CB65 /* Generals */,
				2423D774228EEAC600F7CB65 /* Handlers */,
			);
			path = Services;
			sourceTree = "<group>";
		};
		2423D76A228EE8DD00F7CB65 /* Models */ = {
			isa = PBXGroup;
			children = (
				244B07CF228F059D008AF299 /* User.swift */,
				244B07D1228F061C008AF299 /* Gender.swift */,
			);
			path = Models;
			sourceTree = "<group>";
		};
		2423D76B228EE8E400F7CB65 /* Supporting Files */ = {
			isa = PBXGroup;
			children = (
				2423D75E228EE82600F7CB65 /* Assets.xcassets */,
				2423D763228EE82600F7CB65 /* Info.plist */,
				2423D7AD228EFBCF00F7CB65 /* Localizable.strings */,
			);
			path = "Supporting Files";
			sourceTree = "<group>";
		};
		2423D76C228EE8ED00F7CB65 /* View Models */ = {
			isa = PBXGroup;
			children = (
			);
			path = "View Models";
			sourceTree = "<group>";
		};
		2423D76D228EE8F800F7CB65 /* Views */ = {
			isa = PBXGroup;
			children = (
				2423D76E228EE97E00F7CB65 /* Storyboards */,
				2423D76F228EEA5D00F7CB65 /* View Controllers */,
				2423D770228EEA6500F7CB65 /* Cells */,
			);
			path = Views;
			sourceTree = "<group>";
		};
		2423D76E228EE97E00F7CB65 /* Storyboards */ = {
			isa = PBXGroup;
			children = (
				2423D79C228EF83C00F7CB65 /* Auth.storyboard */,
				2423D7A5228EFAF700F7CB65 /* Bag.storyboard */,
				24A93747228FBB2700505C07 /* Brands.storyboard */,
				24A93745228FBACB00505C07 /* Discover.storyboard */,
				2423D760228EE82600F7CB65 /* LaunchScreen.storyboard */,
				2423D75B228EE82400F7CB65 /* Main.storyboard */,
				2423D7A8228EFAFE00F7CB65 /* Shop.storyboard */,
				24A93749228FBB4800505C07 /* Wishlist.storyboard */,
			);
			path = Storyboards;
			sourceTree = "<group>";
		};
		2423D76F228EEA5D00F7CB65 /* View Controllers */ = {
			isa = PBXGroup;
			children = (
				2423D778228EEDBF00F7CB65 /* Auth */,
				2423D7AA228EFB5E00F7CB65 /* Bag */,
				24A9374B228FBB7E00505C07 /* Brands */,
				2423D779228EEDC400F7CB65 /* Discover */,
				2423D776228EEDB100F7CB65 /* ManagerViewController.swift */,
				2423D7A9228EFB5800F7CB65 /* Shop */,
				2423D77E228EEE9400F7CB65 /* TabBarViewController.swift */,
				24A9374C228FBB8400505C07 /* Wishlist */,
			);
			path = "View Controllers";
			sourceTree = "<group>";
		};
		2423D770228EEA6500F7CB65 /* Cells */ = {
			isa = PBXGroup;
			children = (
			);
			path = Cells;
			sourceTree = "<group>";
		};
		2423D771228EEAA600F7CB65 /* Extensions */ = {
			isa = PBXGroup;
			children = (
				2423D780228EEF7200F7CB65 /* FormatterExtension.swift */,
				2423D782228EEFED00F7CB65 /* StringExtension.swift */,
				2423D784228EF08A00F7CB65 /* UIColorExtension.swift */,
				2423D786228EF3B100F7CB65 /* UIImageExtension.swift */,
				2423D788228EF3E100F7CB65 /* UITextFieldExtension.swift */,
				2423D78A228EF4C200F7CB65 /* UITextViewExtension.swift */,
				2423D78C228EF4F300F7CB65 /* UIViewControllerExtension.swift */,
				2423D78E228EF57A00F7CB65 /* UIViewExtension.swift */,
			);
			path = Extensions;
			sourceTree = "<group>";
		};
		2423D773228EEABA00F7CB65 /* Generals */ = {
			isa = PBXGroup;
			children = (
				2423D790228EF5AB00F7CB65 /* Alertify.swift */,
				244B07CD228F0472008AF299 /* Apify.swift */,
				2423D794228EF64200F7CB65 /* Localify.swift */,
				2423D792228EF5E900F7CB65 /* Notify.swift */,
				2423D796228EF69900F7CB65 /* Storify.swift */,
			);
			path = Generals;
			sourceTree = "<group>";
		};
		2423D774228EEAC600F7CB65 /* Handlers */ = {
			isa = PBXGroup;
			children = (
				2423D798228EF75700F7CB65 /* CameraPickerHandler.swift */,
			);
			path = Handlers;
			sourceTree = "<group>";
		};
		2423D778228EEDBF00F7CB65 /* Auth */ = {
			isa = PBXGroup;
			children = (
				2423D77C228EEDF900F7CB65 /* LoginViewController.swift */,
				24A93743228FB4E000505C07 /* SignupViewController.swift */,
			);
			path = Auth;
			sourceTree = "<group>";
		};
		2423D779228EEDC400F7CB65 /* Discover */ = {
			isa = PBXGroup;
			children = (
				24A9374D228FC37000505C07 /* DiscoverViewController.swift */,
			);
			path = Discover;
			sourceTree = "<group>";
		};
		2423D7A9228EFB5800F7CB65 /* Shop */ = {
			isa = PBXGroup;
			children = (
				24A93753228FC50F00505C07 /* ShopViewController.swift */,
			);
			path = Shop;
			sourceTree = "<group>";
		};
		2423D7AA228EFB5E00F7CB65 /* Bag */ = {
			isa = PBXGroup;
			children = (
				24A9374F228FC4E100505C07 /* BagViewController.swift */,
			);
			path = Bag;
			sourceTree = "<group>";
		};
		24A9374B228FBB7E00505C07 /* Brands */ = {
			isa = PBXGroup;
			children = (
				24A93751228FC4FA00505C07 /* BrandsViewController.swift */,
			);
			path = Brands;
			sourceTree = "<group>";
		};
		24A9374C228FBB8400505C07 /* Wishlist */ = {
			isa = PBXGroup;
			children = (
				24A93755228FC52100505C07 /* WishlistViewController.swift */,
			);
			path = Wishlist;
			sourceTree = "<group>";
		};
		5A3D766EAC444A41C4B5C0E7 /* Frameworks */ = {
			isa = PBXGroup;
			children = (
				5A902AE1EDEF70C94DAB22B1 /* Pods_MVVMShopApp.framework */,
			);
			name = Frameworks;
			sourceTree = "<group>";
		};
		8C76E6D00B9E493DF41D0D69 /* Pods */ = {
			isa = PBXGroup;
			children = (
				01AF7AC9E711FDB61F30836C /* Pods-MVVMShopApp.debug.xcconfig */,
				B135C3E793C1A2F3E088E47A /* Pods-MVVMShopApp.release.xcconfig */,
			);
			path = Pods;
			sourceTree = "<group>";
		};
/* End PBXGroup section */

/* Begin PBXNativeTarget section */
		2423D753228EE82400F7CB65 /* MVVMShopApp */ = {
			isa = PBXNativeTarget;
			buildConfigurationList = 2423D766228EE82600F7CB65 /* Build configuration list for PBXNativeTarget "MVVMShopApp" */;
			buildPhases = (
				BA76A09B54CC09F7B51D0A57 /* [CP] Check Pods Manifest.lock */,
				2423D750228EE82400F7CB65 /* Sources */,
				2423D751228EE82400F7CB65 /* Frameworks */,
				2423D752228EE82400F7CB65 /* Resources */,
				0D2B6396D36B62D08CF03E8E /* [CP] Embed Pods Frameworks */,
			);
			buildRules = (
			);
			dependencies = (
			);
			name = MVVMShopApp;
			productName = MVVMBoilerplateApp;
			productReference = 2423D754228EE82400F7CB65 /* MVVMShopApp.app */;
			productType = "com.apple.product-type.application";
		};
/* End PBXNativeTarget section */

/* Begin PBXProject section */
		2423D74C228EE82400F7CB65 /* Project object */ = {
			isa = PBXProject;
			attributes = {
				LastSwiftUpdateCheck = 1020;
				LastUpgradeCheck = 1020;
				ORGANIZATIONNAME = "Rasyadh Abdul Aziz";
				TargetAttributes = {
					2423D753228EE82400F7CB65 = {
						CreatedOnToolsVersion = 10.2.1;
					};
				};
			};
			buildConfigurationList = 2423D74F228EE82400F7CB65 /* Build configuration list for PBXProject "MVVMShopApp" */;
			compatibilityVersion = "Xcode 9.3";
			developmentRegion = en;
			hasScannedForEncodings = 0;
			knownRegions = (
				en,
				Base,
			);
			mainGroup = 2423D74B228EE82400F7CB65;
			productRefGroup = 2423D755228EE82400F7CB65 /* Products */;
			projectDirPath = "";
			projectRoot = "";
			targets = (
				2423D753228EE82400F7CB65 /* MVVMShopApp */,
			);
		};
/* End PBXProject section */

/* Begin PBXResourcesBuildPhase section */
		2423D752228EE82400F7CB65 /* Resources */ = {
			isa = PBXResourcesBuildPhase;
			buildActionMask = 2147483647;
			files = (
				2423D7A6228EFAFE00F7CB65 /* Shop.storyboard in Resources */,
				24A93746228FBACB00505C07 /* Discover.storyboard in Resources */,
				2423D7AB228EFBCF00F7CB65 /* Localizable.strings in Resources */,
				2423D7A3228EFAF700F7CB65 /* Bag.storyboard in Resources */,
				2423D79A228EF83C00F7CB65 /* Auth.storyboard in Resources */,
				24A9374A228FBB4800505C07 /* Wishlist.storyboard in Resources */,
				2423D762228EE82600F7CB65 /* LaunchScreen.storyboard in Resources */,
				24A93748228FBB2700505C07 /* Brands.storyboard in Resources */,
				2423D75F228EE82600F7CB65 /* Assets.xcassets in Resources */,
				2423D75D228EE82400F7CB65 /* Main.storyboard in Resources */,
			);
			runOnlyForDeploymentPostprocessing = 0;
		};
/* End PBXResourcesBuildPhase section */

/* Begin PBXShellScriptBuildPhase section */
		0D2B6396D36B62D08CF03E8E /* [CP] Embed Pods Frameworks */ = {
			isa = PBXShellScriptBuildPhase;
			buildActionMask = 2147483647;
			files = (
			);
			inputFileListPaths = (
			);
			inputPaths = (
				"${PODS_ROOT}/Target Support Files/Pods-MVVMShopApp/Pods-MVVMShopApp-frameworks.sh",
				"${BUILT_PRODUCTS_DIR}/Alamofire/Alamofire.framework",
				"${BUILT_PRODUCTS_DIR}/Cache/Cache.framework",
				"${BUILT_PRODUCTS_DIR}/IQKeyboardManagerSwift/IQKeyboardManagerSwift.framework",
				"${BUILT_PRODUCTS_DIR}/Imaginary/Imaginary.framework",
				"${BUILT_PRODUCTS_DIR}/Kingfisher/Kingfisher.framework",
				"${BUILT_PRODUCTS_DIR}/Lightbox/Lightbox.framework",
				"${BUILT_PRODUCTS_DIR}/SVProgressHUD/SVProgressHUD.framework",
				"${BUILT_PRODUCTS_DIR}/SwiftyJSON/SwiftyJSON.framework",
			);
			name = "[CP] Embed Pods Frameworks";
			outputFileListPaths = (
			);
			outputPaths = (
				"${TARGET_BUILD_DIR}/${FRAMEWORKS_FOLDER_PATH}/Alamofire.framework",
				"${TARGET_BUILD_DIR}/${FRAMEWORKS_FOLDER_PATH}/Cache.framework",
				"${TARGET_BUILD_DIR}/${FRAMEWORKS_FOLDER_PATH}/IQKeyboardManagerSwift.framework",
				"${TARGET_BUILD_DIR}/${FRAMEWORKS_FOLDER_PATH}/Imaginary.framework",
				"${TARGET_BUILD_DIR}/${FRAMEWORKS_FOLDER_PATH}/Kingfisher.framework",
				"${TARGET_BUILD_DIR}/${FRAMEWORKS_FOLDER_PATH}/Lightbox.framework",
				"${TARGET_BUILD_DIR}/${FRAMEWORKS_FOLDER_PATH}/SVProgressHUD.framework",
				"${TARGET_BUILD_DIR}/${FRAMEWORKS_FOLDER_PATH}/SwiftyJSON.framework",
			);
			runOnlyForDeploymentPostprocessing = 0;
			shellPath = /bin/sh;
			shellScript = "\"${PODS_ROOT}/Target Support Files/Pods-MVVMShopApp/Pods-MVVMShopApp-frameworks.sh\"\n";
			showEnvVarsInLog = 0;
		};
		BA76A09B54CC09F7B51D0A57 /* [CP] Check Pods Manifest.lock */ = {
			isa = PBXShellScriptBuildPhase;
			buildActionMask = 2147483647;
			files = (
			);
			inputFileListPaths = (
			);
			inputPaths = (
				"${PODS_PODFILE_DIR_PATH}/Podfile.lock",
				"${PODS_ROOT}/Manifest.lock",
			);
			name = "[CP] Check Pods Manifest.lock";
			outputFileListPaths = (
			);
			outputPaths = (
				"$(DERIVED_FILE_DIR)/Pods-MVVMShopApp-checkManifestLockResult.txt",
			);
			runOnlyForDeploymentPostprocessing = 0;
			shellPath = /bin/sh;
			shellScript = "diff \"${PODS_PODFILE_DIR_PATH}/Podfile.lock\" \"${PODS_ROOT}/Manifest.lock\" > /dev/null\nif [ $? != 0 ] ; then\n    # print error to STDERR\n    echo \"error: The sandbox is not in sync with the Podfile.lock. Run 'pod install' or update your CocoaPods installation.\" >&2\n    exit 1\nfi\n# This output is used by Xcode 'outputs' to avoid re-running this script phase.\necho \"SUCCESS\" > \"${SCRIPT_OUTPUT_FILE_0}\"\n";
			showEnvVarsInLog = 0;
		};
/* End PBXShellScriptBuildPhase section */

/* Begin PBXSourcesBuildPhase section */
		2423D750228EE82400F7CB65 /* Sources */ = {
			isa = PBXSourcesBuildPhase;
			buildActionMask = 2147483647;
			files = (
				2423D77D228EEDF900F7CB65 /* LoginViewController.swift in Sources */,
				2423D789228EF3E100F7CB65 /* UITextFieldExtension.swift in Sources */,
				2423D785228EF08A00F7CB65 /* UIColorExtension.swift in Sources */,
				24A93750228FC4E100505C07 /* BagViewController.swift in Sources */,
				2423D795228EF64200F7CB65 /* Localify.swift in Sources */,
				2423D777228EEDB100F7CB65 /* ManagerViewController.swift in Sources */,
				2423D783228EEFED00F7CB65 /* StringExtension.swift in Sources */,
				24A93754228FC50F00505C07 /* ShopViewController.swift in Sources */,
				2423D799228EF75700F7CB65 /* CameraPickerHandler.swift in Sources */,
				2423D781228EEF7200F7CB65 /* FormatterExtension.swift in Sources */,
				2423D791228EF5AC00F7CB65 /* Alertify.swift in Sources */,
				24A93744228FB4E000505C07 /* SignupViewController.swift in Sources */,
				2423D797228EF69900F7CB65 /* Storify.swift in Sources */,
				2423D78F228EF57A00F7CB65 /* UIViewExtension.swift in Sources */,
				2423D793228EF5E900F7CB65 /* Notify.swift in Sources */,
				2423D77F228EEE9400F7CB65 /* TabBarViewController.swift in Sources */,
				244B07CE228F0472008AF299 /* Apify.swift in Sources */,
				24A93756228FC52100505C07 /* WishlistViewController.swift in Sources */,
				2423D758228EE82400F7CB65 /* AppDelegate.swift in Sources */,
				2423D787228EF3B100F7CB65 /* UIImageExtension.swift in Sources */,
				244B07D2228F061C008AF299 /* Gender.swift in Sources */,
				2423D78D228EF4F300F7CB65 /* UIViewControllerExtension.swift in Sources */,
				24A9374E228FC37000505C07 /* DiscoverViewController.swift in Sources */,
				2423D78B228EF4C200F7CB65 /* UITextViewExtension.swift in Sources */,
				24A93752228FC4FA00505C07 /* BrandsViewController.swift in Sources */,
				244B07D0228F059D008AF299 /* User.swift in Sources */,
			);
			runOnlyForDeploymentPostprocessing = 0;
		};
/* End PBXSourcesBuildPhase section */

/* Begin PBXVariantGroup section */
		2423D75B228EE82400F7CB65 /* Main.storyboard */ = {
			isa = PBXVariantGroup;
			children = (
				2423D75C228EE82400F7CB65 /* Base */,
			);
			name = Main.storyboard;
			sourceTree = "<group>";
		};
		2423D760228EE82600F7CB65 /* LaunchScreen.storyboard */ = {
			isa = PBXVariantGroup;
			children = (
				2423D761228EE82600F7CB65 /* Base */,
			);
			name = LaunchScreen.storyboard;
			sourceTree = "<group>";
		};
		2423D79C228EF83C00F7CB65 /* Auth.storyboard */ = {
			isa = PBXVariantGroup;
			children = (
				2423D79B228EF83C00F7CB65 /* Base */,
			);
			name = Auth.storyboard;
			sourceTree = "<group>";
		};
		2423D7A5228EFAF700F7CB65 /* Bag.storyboard */ = {
			isa = PBXVariantGroup;
			children = (
				2423D7A4228EFAF700F7CB65 /* Base */,
			);
			name = Bag.storyboard;
			sourceTree = "<group>";
		};
		2423D7A8228EFAFE00F7CB65 /* Shop.storyboard */ = {
			isa = PBXVariantGroup;
			children = (
				2423D7A7228EFAFE00F7CB65 /* Base */,
			);
			name = Shop.storyboard;
			sourceTree = "<group>";
		};
		2423D7AD228EFBCF00F7CB65 /* Localizable.strings */ = {
			isa = PBXVariantGroup;
			children = (
				2423D7AC228EFBCF00F7CB65 /* en */,
			);
			name = Localizable.strings;
			sourceTree = "<group>";
		};
/* End PBXVariantGroup section */

/* Begin XCBuildConfiguration section */
		2423D764228EE82600F7CB65 /* Debug */ = {
			isa = XCBuildConfiguration;
			buildSettings = {
				ALWAYS_SEARCH_USER_PATHS = NO;
				CLANG_ANALYZER_NONNULL = YES;
				CLANG_ANALYZER_NUMBER_OBJECT_CONVERSION = YES_AGGRESSIVE;
				CLANG_CXX_LANGUAGE_STANDARD = "gnu++14";
				CLANG_CXX_LIBRARY = "libc++";
				CLANG_ENABLE_MODULES = YES;
				CLANG_ENABLE_OBJC_ARC = YES;
				CLANG_ENABLE_OBJC_WEAK = YES;
				CLANG_WARN_BLOCK_CAPTURE_AUTORELEASING = YES;
				CLANG_WARN_BOOL_CONVERSION = YES;
				CLANG_WARN_COMMA = YES;
				CLANG_WARN_CONSTANT_CONVERSION = YES;
				CLANG_WARN_DEPRECATED_OBJC_IMPLEMENTATIONS = YES;
				CLANG_WARN_DIRECT_OBJC_ISA_USAGE = YES_ERROR;
				CLANG_WARN_DOCUMENTATION_COMMENTS = YES;
				CLANG_WARN_EMPTY_BODY = YES;
				CLANG_WARN_ENUM_CONVERSION = YES;
				CLANG_WARN_INFINITE_RECURSION = YES;
				CLANG_WARN_INT_CONVERSION = YES;
				CLANG_WARN_NON_LITERAL_NULL_CONVERSION = YES;
				CLANG_WARN_OBJC_IMPLICIT_RETAIN_SELF = YES;
				CLANG_WARN_OBJC_LITERAL_CONVERSION = YES;
				CLANG_WARN_OBJC_ROOT_CLASS = YES_ERROR;
				CLANG_WARN_RANGE_LOOP_ANALYSIS = YES;
				CLANG_WARN_STRICT_PROTOTYPES = YES;
				CLANG_WARN_SUSPICIOUS_MOVE = YES;
				CLANG_WARN_UNGUARDED_AVAILABILITY = YES_AGGRESSIVE;
				CLANG_WARN_UNREACHABLE_CODE = YES;
				CLANG_WARN__DUPLICATE_METHOD_MATCH = YES;
				CODE_SIGN_IDENTITY = "iPhone Developer";
				COPY_PHASE_STRIP = NO;
				DEBUG_INFORMATION_FORMAT = dwarf;
				ENABLE_STRICT_OBJC_MSGSEND = YES;
				ENABLE_TESTABILITY = YES;
				GCC_C_LANGUAGE_STANDARD = gnu11;
				GCC_DYNAMIC_NO_PIC = NO;
				GCC_NO_COMMON_BLOCKS = YES;
				GCC_OPTIMIZATION_LEVEL = 0;
				GCC_PREPROCESSOR_DEFINITIONS = (
					"DEBUG=1",
					"$(inherited)",
				);
				GCC_WARN_64_TO_32_BIT_CONVERSION = YES;
				GCC_WARN_ABOUT_RETURN_TYPE = YES_ERROR;
				GCC_WARN_UNDECLARED_SELECTOR = YES;
				GCC_WARN_UNINITIALIZED_AUTOS = YES_AGGRESSIVE;
				GCC_WARN_UNUSED_FUNCTION = YES;
				GCC_WARN_UNUSED_VARIABLE = YES;
				IPHONEOS_DEPLOYMENT_TARGET = 12.2;
				MTL_ENABLE_DEBUG_INFO = INCLUDE_SOURCE;
				MTL_FAST_MATH = YES;
				ONLY_ACTIVE_ARCH = YES;
				SDKROOT = iphoneos;
				SWIFT_ACTIVE_COMPILATION_CONDITIONS = DEBUG;
				SWIFT_OPTIMIZATION_LEVEL = "-Onone";
			};
			name = Debug;
		};
		2423D765228EE82600F7CB65 /* Release */ = {
			isa = XCBuildConfiguration;
			buildSettings = {
				ALWAYS_SEARCH_USER_PATHS = NO;
				CLANG_ANALYZER_NONNULL = YES;
				CLANG_ANALYZER_NUMBER_OBJECT_CONVERSION = YES_AGGRESSIVE;
				CLANG_CXX_LANGUAGE_STANDARD = "gnu++14";
				CLANG_CXX_LIBRARY = "libc++";
				CLANG_ENABLE_MODULES = YES;
				CLANG_ENABLE_OBJC_ARC = YES;
				CLANG_ENABLE_OBJC_WEAK = YES;
				CLANG_WARN_BLOCK_CAPTURE_AUTORELEASING = YES;
				CLANG_WARN_BOOL_CONVERSION = YES;
				CLANG_WARN_COMMA = YES;
				CLANG_WARN_CONSTANT_CONVERSION = YES;
				CLANG_WARN_DEPRECATED_OBJC_IMPLEMENTATIONS = YES;
				CLANG_WARN_DIRECT_OBJC_ISA_USAGE = YES_ERROR;
				CLANG_WARN_DOCUMENTATION_COMMENTS = YES;
				CLANG_WARN_EMPTY_BODY = YES;
				CLANG_WARN_ENUM_CONVERSION = YES;
				CLANG_WARN_INFINITE_RECURSION = YES;
				CLANG_WARN_INT_CONVERSION = YES;
				CLANG_WARN_NON_LITERAL_NULL_CONVERSION = YES;
				CLANG_WARN_OBJC_IMPLICIT_RETAIN_SELF = YES;
				CLANG_WARN_OBJC_LITERAL_CONVERSION = YES;
				CLANG_WARN_OBJC_ROOT_CLASS = YES_ERROR;
				CLANG_WARN_RANGE_LOOP_ANALYSIS = YES;
				CLANG_WARN_STRICT_PROTOTYPES = YES;
				CLANG_WARN_SUSPICIOUS_MOVE = YES;
				CLANG_WARN_UNGUARDED_AVAILABILITY = YES_AGGRESSIVE;
				CLANG_WARN_UNREACHABLE_CODE = YES;
				CLANG_WARN__DUPLICATE_METHOD_MATCH = YES;
				CODE_SIGN_IDENTITY = "iPhone Developer";
				COPY_PHASE_STRIP = NO;
				DEBUG_INFORMATION_FORMAT = "dwarf-with-dsym";
				ENABLE_NS_ASSERTIONS = NO;
				ENABLE_STRICT_OBJC_MSGSEND = YES;
				GCC_C_LANGUAGE_STANDARD = gnu11;
				GCC_NO_COMMON_BLOCKS = YES;
				GCC_WARN_64_TO_32_BIT_CONVERSION = YES;
				GCC_WARN_ABOUT_RETURN_TYPE = YES_ERROR;
				GCC_WARN_UNDECLARED_SELECTOR = YES;
				GCC_WARN_UNINITIALIZED_AUTOS = YES_AGGRESSIVE;
				GCC_WARN_UNUSED_FUNCTION = YES;
				GCC_WARN_UNUSED_VARIABLE = YES;
				IPHONEOS_DEPLOYMENT_TARGET = 12.2;
				MTL_ENABLE_DEBUG_INFO = NO;
				MTL_FAST_MATH = YES;
				SDKROOT = iphoneos;
				SWIFT_COMPILATION_MODE = wholemodule;
				SWIFT_OPTIMIZATION_LEVEL = "-O";
				VALIDATE_PRODUCT = YES;
			};
			name = Release;
		};
		2423D767228EE82600F7CB65 /* Debug */ = {
			isa = XCBuildConfiguration;
			baseConfigurationReference = 01AF7AC9E711FDB61F30836C /* Pods-MVVMShopApp.debug.xcconfig */;
			buildSettings = {
				ASSETCATALOG_COMPILER_APPICON_NAME = AppIcon;
				CODE_SIGN_STYLE = Automatic;
				INFOPLIST_FILE = "$(SRCROOT)/MVVMShopApp/Supporting Files/Info.plist";
				LD_RUNPATH_SEARCH_PATHS = (
					"$(inherited)",
					"@executable_path/Frameworks",
				);
				PRODUCT_BUNDLE_IDENTIFIER = me.rasyadh.MVVMShopApp;
				PRODUCT_NAME = "$(TARGET_NAME)";
				SWIFT_VERSION = 5.0;
				TARGETED_DEVICE_FAMILY = "1,2";
			};
			name = Debug;
		};
		2423D768228EE82600F7CB65 /* Release */ = {
			isa = XCBuildConfiguration;
			baseConfigurationReference = B135C3E793C1A2F3E088E47A /* Pods-MVVMShopApp.release.xcconfig */;
			buildSettings = {
				ASSETCATALOG_COMPILER_APPICON_NAME = AppIcon;
				CODE_SIGN_STYLE = Automatic;
				INFOPLIST_FILE = "$(SRCROOT)/MVVMShopApp/Supporting Files/Info.plist";
				LD_RUNPATH_SEARCH_PATHS = (
					"$(inherited)",
					"@executable_path/Frameworks",
				);
				PRODUCT_BUNDLE_IDENTIFIER = me.rasyadh.MVVMShopApp;
				PRODUCT_NAME = "$(TARGET_NAME)";
				SWIFT_VERSION = 5.0;
				TARGETED_DEVICE_FAMILY = "1,2";
			};
			name = Release;
		};
/* End XCBuildConfiguration section */

/* Begin XCConfigurationList section */
		2423D74F228EE82400F7CB65 /* Build configuration list for PBXProject "MVVMShopApp" */ = {
			isa = XCConfigurationList;
			buildConfigurations = (
				2423D764228EE82600F7CB65 /* Debug */,
				2423D765228EE82600F7CB65 /* Release */,
			);
			defaultConfigurationIsVisible = 0;
			defaultConfigurationName = Release;
		};
		2423D766228EE82600F7CB65 /* Build configuration list for PBXNativeTarget "MVVMShopApp" */ = {
			isa = XCConfigurationList;
			buildConfigurations = (
				2423D767228EE82600F7CB65 /* Debug */,
				2423D768228EE82600F7CB65 /* Release */,
			);
			defaultConfigurationIsVisible = 0;
			defaultConfigurationName = Release;
		};
/* End XCConfigurationList section */
	};
	rootObject = 2423D74C228EE82400F7CB65 /* Project object */;
}
